
Microsoft Visual Studio Solution File, Format Version 12.00
# Visual Studio Version 17
VisualStudioVersion = 17.9.34607.119
MinimumVisualStudioVersion = 10.0.40219.1
Project("{FAE04EC0-301F-11D3-BF4B-00C04F79EFBC}") = "5C#EPAM", "5C#EPAM\5C#EPAM.csproj", "{7F14C52E-00DA-4B70-BF73-44C0E1FC8E8A}"
EndProject
Project("{FAE04EC0-301F-11D3-BF4B-00C04F79EFBC}") = "5.1C#EPAM", "5.1C#EPAM\5.1C#EPAM.csproj", "{17CECB02-A936-4CD2-9785-551E992DBF14}"
EndProject
Project("{FAE04EC0-301F-11D3-BF4B-00C04F79EFBC}") = "5.2C#EPAM", "5.2C#EPAM\5.2C#EPAM.csproj", "{6A5C2364-8CE6-45B3-8EC6-4BF86865AB82}"
EndProject
Global
	GlobalSection(SolutionConfigurationPlatforms) = preSolution
		Debug|Any CPU = Debug|Any CPU
		Release|Any CPU = Release|Any CPU
	EndGlobalSection
	GlobalSection(ProjectConfigurationPlatforms) = postSolution
		{7F14C52E-00DA-4B70-BF73-44C0E1FC8E8A}.Debug|Any CPU.ActiveCfg = Debug|Any CPU
		{7F14C52E-00DA-4B70-BF73-44C0E1FC8E8A}.Debug|Any CPU.Build.0 = Debug|Any CPU
		{7F14C52E-00DA-4B70-BF73-44C0E1FC8E8A}.Release|Any CPU.ActiveCfg = Release|Any CPU
		{7F14C52E-00DA-4B70-BF73-44C0E1FC8E8A}.Release|Any CPU.Build.0 = Release|Any CPU
		{17CECB02-A936-4CD2-9785-551E992DBF14}.Debug|Any CPU.ActiveCfg = Debug|Any CPU
		{17CECB02-A936-4CD2-9785-551E992DBF14}.Debug|Any CPU.Build.0 = Debug|Any CPU
		{17CECB02-A936-4CD2-9785-551E992DBF14}.Release|Any CPU.ActiveCfg = Release|Any CPU
		{17CECB02-A936-4CD2-9785-551E992DBF14}.Release|Any CPU.Build.0 = Release|Any CPU
		{6A5C2364-8CE6-45B3-8EC6-4BF86865AB82}.Debug|Any CPU.ActiveCfg = Debug|Any CPU
		{6A5C2364-8CE6-45B3-8EC6-4BF86865AB82}.Debug|Any CPU.Build.0 = Debug|Any CPU
		{6A5C2364-8CE6-45B3-8EC6-4BF86865AB82}.Release|Any CPU.ActiveCfg = Release|Any CPU
		{6A5C2364-8CE6-45B3-8EC6-4BF86865AB82}.Release|Any CPU.Build.0 = Release|Any CPU
	EndGlobalSection
	GlobalSection(SolutionProperties) = preSolution
		HideSolutionNode = FALSE
	EndGlobalSection
	GlobalSection(ExtensibilityGlobals) = postSolution
		SolutionGuid = {308641A0-FF59-4364-B831-61833E2A74E1}
	EndGlobalSection
EndGlobal
